
Microsoft Visual Studio Solution File, Format Version 12.00
# Visual Studio Version 16
VisualStudioVersion = 16.0.31205.134
MinimumVisualStudioVersion = 10.0.40219.1
Project("{FAE04EC0-301F-11D3-BF4B-00C04F79EFBC}") = "ApiRest_T", "ApiRest_T\ApiRest_T.csproj", "{E0D8FB70-B8CA-4EF8-9736-8903322C76BF}"
EndProject
Global
	GlobalSection(SolutionConfigurationPlatforms) = preSolution
		Debug|Any CPU = Debug|Any CPU
		Release|Any CPU = Release|Any CPU
	EndGlobalSection
	GlobalSection(ProjectConfigurationPlatforms) = postSolution
		{E0D8FB70-B8CA-4EF8-9736-8903322C76BF}.Debug|Any CPU.ActiveCfg = Debug|Any CPU
		{E0D8FB70-B8CA-4EF8-9736-8903322C76BF}.Debug|Any CPU.Build.0 = Debug|Any CPU
		{E0D8FB70-B8CA-4EF8-9736-8903322C76BF}.Release|Any CPU.ActiveCfg = Release|Any CPU
		{E0D8FB70-B8CA-4EF8-9736-8903322C76BF}.Release|Any CPU.Build.0 = Release|Any CPU
	EndGlobalSection
	GlobalSection(SolutionProperties) = preSolution
		HideSolutionNode = FALSE
	EndGlobalSection
	GlobalSection(ExtensibilityGlobals) = postSolution
		SolutionGuid = {C9535B91-3BA0-42F3-8115-2C18B7359177}
	EndGlobalSection
EndGlobal
